
Microsoft Visual Studio Solution File, Format Version 12.00
# Visual Studio Version 16
VisualStudioVersion = 16.0.30907.101
MinimumVisualStudioVersion = 10.0.40219.1
Project("{FAE04EC0-301F-11D3-BF4B-00C04F79EFBC}") = "MyDictonary", "MyDictonary\MyDictonary.csproj", "{ACC7AF75-7353-48EA-9790-F05DD9DFB421}"
EndProject
Global
	GlobalSection(SolutionConfigurationPlatforms) = preSolution
		Debug|Any CPU = Debug|Any CPU
		Release|Any CPU = Release|Any CPU
	EndGlobalSection
	GlobalSection(ProjectConfigurationPlatforms) = postSolution
		{ACC7AF75-7353-48EA-9790-F05DD9DFB421}.Debug|Any CPU.ActiveCfg = Debug|Any CPU
		{ACC7AF75-7353-48EA-9790-F05DD9DFB421}.Debug|Any CPU.Build.0 = Debug|Any CPU
		{ACC7AF75-7353-48EA-9790-F05DD9DFB421}.Release|Any CPU.ActiveCfg = Release|Any CPU
		{ACC7AF75-7353-48EA-9790-F05DD9DFB421}.Release|Any CPU.Build.0 = Release|Any CPU
	EndGlobalSection
	GlobalSection(SolutionProperties) = preSolution
		HideSolutionNode = FALSE
	EndGlobalSection
	GlobalSection(ExtensibilityGlobals) = postSolution
		SolutionGuid = {56F23D53-9780-45BE-A56E-4200ACEF9A73}
	EndGlobalSection
EndGlobal
